
Microsoft Visual Studio Solution File, Format Version 12.00
# Visual Studio 15
VisualStudioVersion = 15.0.27703.2042
MinimumVisualStudioVersion = 10.0.40219.1
Project("{8BC9CEB8-8B4A-11D0-8D11-00A0C91BC942}") = "liveMedia", "liveMedia\liveMedia.vcxproj", "{BC3DC036-59E1-44C4-9A02-B4AB8777809A}"
EndProject
Project("{8BC9CEB8-8B4A-11D0-8D11-00A0C91BC942}") = "groupsock", "groupsock\groupsock.vcxproj", "{C4AAED7B-5A48-43F0-A688-A7F497ED87CC}"
EndProject
Project("{8BC9CEB8-8B4A-11D0-8D11-00A0C91BC942}") = "UsageEnvironment", "UsageEnvironment\UsageEnvironment.vcxproj", "{48AF4C98-619E-4A68-9AD7-26E425FDAE87}"
EndProject
Project("{8BC9CEB8-8B4A-11D0-8D11-00A0C91BC942}") = "BasicUsageEnvironment", "BasicUsageEnvironment\BasicUsageEnvironment.vcxproj", "{ADA8FF73-E4F0-4846-9495-D4E719BC0E62}"
EndProject
Project("{8BC9CEB8-8B4A-11D0-8D11-00A0C91BC942}") = "mediaServer", "mediaServer\mediaServer.vcxproj", "{A60440DF-3260-4B2D-B95B-A41D18B8FE2D}"
	ProjectSection(ProjectDependencies) = postProject
		{BC3DC036-59E1-44C4-9A02-B4AB8777809A} = {BC3DC036-59E1-44C4-9A02-B4AB8777809A}
		{ADA8FF73-E4F0-4846-9495-D4E719BC0E62} = {ADA8FF73-E4F0-4846-9495-D4E719BC0E62}
		{C4AAED7B-5A48-43F0-A688-A7F497ED87CC} = {C4AAED7B-5A48-43F0-A688-A7F497ED87CC}
		{48AF4C98-619E-4A68-9AD7-26E425FDAE87} = {48AF4C98-619E-4A68-9AD7-26E425FDAE87}
	EndProjectSection
EndProject
Project("{8BC9CEB8-8B4A-11D0-8D11-00A0C91BC942}") = "proxyServer", "proxyServer\proxyServer.vcxproj", "{59C53EF8-6A0D-4C04-BA8B-B8CE428015A4}"
	ProjectSection(ProjectDependencies) = postProject
		{BC3DC036-59E1-44C4-9A02-B4AB8777809A} = {BC3DC036-59E1-44C4-9A02-B4AB8777809A}
		{ADA8FF73-E4F0-4846-9495-D4E719BC0E62} = {ADA8FF73-E4F0-4846-9495-D4E719BC0E62}
		{C4AAED7B-5A48-43F0-A688-A7F497ED87CC} = {C4AAED7B-5A48-43F0-A688-A7F497ED87CC}
		{48AF4C98-619E-4A68-9AD7-26E425FDAE87} = {48AF4C98-619E-4A68-9AD7-26E425FDAE87}
	EndProjectSection
EndProject
Project("{2150E333-8FDC-42A3-9474-1A3956D46DE8}") = "testProgs", "testProgs", "{07F59D5B-7988-48D7-8887-213840C27849}"
EndProject
Project("{8BC9CEB8-8B4A-11D0-8D11-00A0C91BC942}") = "MPEG2TransportStreamIndexer", "testProgs\MPEG2TransportStreamIndexer\MPEG2TransportStreamIndexer.vcxproj", "{9E8177AF-D184-40E3-8BF6-B4E80FE4D53B}"
EndProject
Project("{8BC9CEB8-8B4A-11D0-8D11-00A0C91BC942}") = "openRTSP", "testProgs\openRTSP\openRTSP.vcxproj", "{CB088525-77AE-4094-A39E-69A84D729596}"
EndProject
Project("{8BC9CEB8-8B4A-11D0-8D11-00A0C91BC942}") = "playSIP", "testProgs\playSIP\playSIP.vcxproj", "{2D058501-8490-4265-8482-A2284505F7CA}"
EndProject
Project("{8BC9CEB8-8B4A-11D0-8D11-00A0C91BC942}") = "registerRTSPStream", "testProgs\registerRTSPStream\registerRTSPStream.vcxproj", "{399D475A-D88E-48E2-8DB8-3AF8931E6F69}"
EndProject
Project("{8BC9CEB8-8B4A-11D0-8D11-00A0C91BC942}") = "sapWatch", "testProgs\sapWatch\sapWatch.vcxproj", "{1EBD8604-4F87-4FB6-876E-BA5B3A495C29}"
EndProject
Project("{8BC9CEB8-8B4A-11D0-8D11-00A0C91BC942}") = "testAMRAudioStreamer", "testProgs\testAMRAudioStreamer\testAMRAudioStreamer.vcxproj", "{3CF1F28F-CE2E-45E3-810C-F43D5F528D90}"
EndProject
Project("{8BC9CEB8-8B4A-11D0-8D11-00A0C91BC942}") = "testDVVideoStreamer", "testProgs\testDVVideoStreamer\testDVVideoStreamer.vcxproj", "{7E870DA8-0496-4752-86A0-BAD53DFD0A99}"
EndProject
Project("{8BC9CEB8-8B4A-11D0-8D11-00A0C91BC942}") = "testGSMStreamer", "testProgs\testGSMStreamer\testGSMStreamer.vcxproj", "{69E7B480-E495-4330-8453-98B6AACB066F}"
EndProject
Project("{8BC9CEB8-8B4A-11D0-8D11-00A0C91BC942}") = "WindowsAudioInputDevice", "WindowsAudioInputDevice\WindowsAudioInputDevice.vcxproj", "{69DE31CA-ACF4-4E8B-A635-F701C8042E07}"
EndProject
Project("{8BC9CEB8-8B4A-11D0-8D11-00A0C91BC942}") = "testH264VideoStreamer", "testProgs\testH264VideoStreamer\testH264VideoStreamer.vcxproj", "{77F4FF2C-1D1F-4C5B-B0C2-1A6D07612F7B}"
EndProject
Project("{8BC9CEB8-8B4A-11D0-8D11-00A0C91BC942}") = "testH264VideoToTransportStream", "testProgs\testH264VideoToTransportStream\testH264VideoToTransportStream.vcxproj", "{77B7FE28-D26D-4891-B291-CFB3E4F3E3FA}"
EndProject
Project("{8BC9CEB8-8B4A-11D0-8D11-00A0C91BC942}") = "testH265VideoStreamer", "testProgs\testH265VideoStreamer\testH265VideoStreamer.vcxproj", "{07BC0F1E-40B2-41CD-B17B-7C7A8670DE6B}"
EndProject
Project("{8BC9CEB8-8B4A-11D0-8D11-00A0C91BC942}") = "testH265VideoToTransportStream", "testProgs\testH265VideoToTransportStream\testH265VideoToTransportStream.vcxproj", "{6A2F95EB-4D37-4DA1-AEDE-8462BD7B1191}"
EndProject
Project("{8BC9CEB8-8B4A-11D0-8D11-00A0C91BC942}") = "testMKVStreamer", "testProgs\testMKVStreamer\testMKVStreamer.vcxproj", "{49A1998B-F8D6-47B3-BF56-D9926C929BD4}"
EndProject
Project("{8BC9CEB8-8B4A-11D0-8D11-00A0C91BC942}") = "testMP3Receiver", "testProgs\testMP3Receiver\testMP3Receiver.vcxproj", "{E9D50240-1713-42BF-A4B4-4B864C5CEA4E}"
EndProject
Project("{8BC9CEB8-8B4A-11D0-8D11-00A0C91BC942}") = "testMP3Streamer", "testProgs\testMP3Streamer\testMP3Streamer.vcxproj", "{89213FF3-9CD9-4C9F-BD36-34A7FD455B57}"
EndProject
Project("{8BC9CEB8-8B4A-11D0-8D11-00A0C91BC942}") = "testMPEG1or2AudioVideoStreamer", "testProgs\testMPEG1or2AudioVideoStreamer\testMPEG1or2AudioVideoStreamer.vcxproj", "{BCF36C83-E52D-4D1E-8EE2-C3330985471C}"
EndProject
Project("{8BC9CEB8-8B4A-11D0-8D11-00A0C91BC942}") = "testMPEG1or2ProgramToTransportStream", "testProgs\testMPEG1or2ProgramToTransportStream\testMPEG1or2ProgramToTransportStream.vcxproj", "{8E291415-A43F-46E2-88A9-45F4ADE0F4C9}"
EndProject
Project("{8BC9CEB8-8B4A-11D0-8D11-00A0C91BC942}") = "testMPEG1or2Splitter", "testProgs\testMPEG1or2Splitter\testMPEG1or2Splitter.vcxproj", "{C4015C49-7C08-41C1-90D3-7919D70AB875}"
EndProject
Project("{8BC9CEB8-8B4A-11D0-8D11-00A0C91BC942}") = "testMPEG1or2VideoReceiver", "testProgs\testMPEG1or2VideoReceiver\testMPEG1or2VideoReceiver.vcxproj", "{B1D0F6F6-66E1-43D3-94D3-D977532A308E}"
EndProject
Project("{8BC9CEB8-8B4A-11D0-8D11-00A0C91BC942}") = "testMPEG1or2VideoStreamer", "testProgs\testMPEG1or2VideoStreamer\testMPEG1or2VideoStreamer.vcxproj", "{56868054-465F-4460-9AC6-3E849610137A}"
EndProject
Project("{8BC9CEB8-8B4A-11D0-8D11-00A0C91BC942}") = "testMPEG2TransportReceiver", "testProgs\testMPEG2TransportReceiver\testMPEG2TransportReceiver.vcxproj", "{71470E6F-EBCD-4057-8AE8-475C2610577D}"
EndProject
Project("{8BC9CEB8-8B4A-11D0-8D11-00A0C91BC942}") = "testMPEG2TransportStreamer", "testProgs\testMPEG2TransportStreamer\testMPEG2TransportStreamer.vcxproj", "{782007FA-E7AF-497F-82CC-DB0FC8E52728}"
EndProject
Project("{8BC9CEB8-8B4A-11D0-8D11-00A0C91BC942}") = "testMPEG2TransportStreamTrickPlay", "testProgs\testMPEG2TransportStreamTrickPlay\testMPEG2TransportStreamTrickPlay.vcxproj", "{9F2212DE-7CBF-4C6B-A65E-3174B4210DF5}"
EndProject
Project("{8BC9CEB8-8B4A-11D0-8D11-00A0C91BC942}") = "testMPEG4VideoStreamer", "testProgs\testMPEG4VideoStreamer\testMPEG4VideoStreamer.vcxproj", "{9809C752-37F8-4F9B-9C24-3CFB0DC9255F}"
EndProject
Project("{8BC9CEB8-8B4A-11D0-8D11-00A0C91BC942}") = "testOggStreamer", "testProgs\testOggStreamer\testOggStreamer.vcxproj", "{FE79FC77-A9F9-4179-A54D-994D5FD2771C}"
EndProject
Project("{8BC9CEB8-8B4A-11D0-8D11-00A0C91BC942}") = "testOnDemandRTSPServer", "testProgs\testOnDemandRTSPServer\testOnDemandRTSPServer.vcxproj", "{3F7D9C35-BA58-4A87-B8BF-376EC1A9491E}"
EndProject
Project("{8BC9CEB8-8B4A-11D0-8D11-00A0C91BC942}") = "testRelay", "testProgs\testRelay\testRelay.vcxproj", "{35109E35-A9B8-4356-A57B-BAD313AC5D7D}"
EndProject
Project("{8BC9CEB8-8B4A-11D0-8D11-00A0C91BC942}") = "testReplicator", "testProgs\testReplicator\testReplicator.vcxproj", "{44D54C94-EEFC-4432-BF82-8D85835FE22C}"
EndProject
Project("{8BC9CEB8-8B4A-11D0-8D11-00A0C91BC942}") = "testRTSPClient", "testProgs\testRTSPClient\testRTSPClient.vcxproj", "{E0801E33-83E6-4653-B518-8E4A9C88F8FB}"
EndProject
Project("{8BC9CEB8-8B4A-11D0-8D11-00A0C91BC942}") = "testWAVAudioStreamer", "testProgs\testWAVAudioStreamer\testWAVAudioStreamer.vcxproj", "{0FF90062-032A-4C50-8F37-003AD2C19027}"
EndProject
Project("{8BC9CEB8-8B4A-11D0-8D11-00A0C91BC942}") = "vobStreamer", "testProgs\vobStreamer\vobStreamer.vcxproj", "{DFC04B20-9F08-4703-A512-8EDEDEE37BAD}"
EndProject
Global
	GlobalSection(SolutionConfigurationPlatforms) = preSolution
		Debug|x64 = Debug|x64
		Debug|x86 = Debug|x86
		Release|x64 = Release|x64
		Release|x86 = Release|x86
	EndGlobalSection
	GlobalSection(ProjectConfigurationPlatforms) = postSolution
		{BC3DC036-59E1-44C4-9A02-B4AB8777809A}.Debug|x64.ActiveCfg = Debug|x64
		{BC3DC036-59E1-44C4-9A02-B4AB8777809A}.Debug|x64.Build.0 = Debug|x64
		{BC3DC036-59E1-44C4-9A02-B4AB8777809A}.Debug|x86.ActiveCfg = Debug|Win32
		{BC3DC036-59E1-44C4-9A02-B4AB8777809A}.Debug|x86.Build.0 = Debug|Win32
		{BC3DC036-59E1-44C4-9A02-B4AB8777809A}.Release|x64.ActiveCfg = Release|x64
		{BC3DC036-59E1-44C4-9A02-B4AB8777809A}.Release|x64.Build.0 = Release|x64
		{BC3DC036-59E1-44C4-9A02-B4AB8777809A}.Release|x86.ActiveCfg = Release|Win32
		{BC3DC036-59E1-44C4-9A02-B4AB8777809A}.Release|x86.Build.0 = Release|Win32
		{C4AAED7B-5A48-43F0-A688-A7F497ED87CC}.Debug|x64.ActiveCfg = Debug|x64
		{C4AAED7B-5A48-43F0-A688-A7F497ED87CC}.Debug|x64.Build.0 = Debug|x64
		{C4AAED7B-5A48-43F0-A688-A7F497ED87CC}.Debug|x86.ActiveCfg = Debug|Win32
		{C4AAED7B-5A48-43F0-A688-A7F497ED87CC}.Debug|x86.Build.0 = Debug|Win32
		{C4AAED7B-5A48-43F0-A688-A7F497ED87CC}.Release|x64.ActiveCfg = Release|x64
		{C4AAED7B-5A48-43F0-A688-A7F497ED87CC}.Release|x64.Build.0 = Release|x64
		{C4AAED7B-5A48-43F0-A688-A7F497ED87CC}.Release|x86.ActiveCfg = Release|Win32
		{C4AAED7B-5A48-43F0-A688-A7F497ED87CC}.Release|x86.Build.0 = Release|Win32
		{48AF4C98-619E-4A68-9AD7-26E425FDAE87}.Debug|x64.ActiveCfg = Debug|x64
		{48AF4C98-619E-4A68-9AD7-26E425FDAE87}.Debug|x64.Build.0 = Debug|x64
		{48AF4C98-619E-4A68-9AD7-26E425FDAE87}.Debug|x86.ActiveCfg = Debug|Win32
		{48AF4C98-619E-4A68-9AD7-26E425FDAE87}.Debug|x86.Build.0 = Debug|Win32
		{48AF4C98-619E-4A68-9AD7-26E425FDAE87}.Release|x64.ActiveCfg = Release|x64
		{48AF4C98-619E-4A68-9AD7-26E425FDAE87}.Release|x64.Build.0 = Release|x64
		{48AF4C98-619E-4A68-9AD7-26E425FDAE87}.Release|x86.ActiveCfg = Release|Win32
		{48AF4C98-619E-4A68-9AD7-26E425FDAE87}.Release|x86.Build.0 = Release|Win32
		{ADA8FF73-E4F0-4846-9495-D4E719BC0E62}.Debug|x64.ActiveCfg = Debug|x64
		{ADA8FF73-E4F0-4846-9495-D4E719BC0E62}.Debug|x64.Build.0 = Debug|x64
		{ADA8FF73-E4F0-4846-9495-D4E719BC0E62}.Debug|x86.ActiveCfg = Debug|Win32
		{ADA8FF73-E4F0-4846-9495-D4E719BC0E62}.Debug|x86.Build.0 = Debug|Win32
		{ADA8FF73-E4F0-4846-9495-D4E719BC0E62}.Release|x64.ActiveCfg = Release|x64
		{ADA8FF73-E4F0-4846-9495-D4E719BC0E62}.Release|x64.Build.0 = Release|x64
		{ADA8FF73-E4F0-4846-9495-D4E719BC0E62}.Release|x86.ActiveCfg = Release|Win32
		{ADA8FF73-E4F0-4846-9495-D4E719BC0E62}.Release|x86.Build.0 = Release|Win32
		{A60440DF-3260-4B2D-B95B-A41D18B8FE2D}.Debug|x64.ActiveCfg = Debug|x64
		{A60440DF-3260-4B2D-B95B-A41D18B8FE2D}.Debug|x64.Build.0 = Debug|x64
		{A60440DF-3260-4B2D-B95B-A41D18B8FE2D}.Debug|x86.ActiveCfg = Debug|Win32
		{A60440DF-3260-4B2D-B95B-A41D18B8FE2D}.Debug|x86.Build.0 = Debug|Win32
		{A60440DF-3260-4B2D-B95B-A41D18B8FE2D}.Release|x64.ActiveCfg = Release|x64
		{A60440DF-3260-4B2D-B95B-A41D18B8FE2D}.Release|x64.Build.0 = Release|x64
		{A60440DF-3260-4B2D-B95B-A41D18B8FE2D}.Release|x86.ActiveCfg = Release|Win32
		{A60440DF-3260-4B2D-B95B-A41D18B8FE2D}.Release|x86.Build.0 = Release|Win32
		{59C53EF8-6A0D-4C04-BA8B-B8CE428015A4}.Debug|x64.ActiveCfg = Debug|x64
		{59C53EF8-6A0D-4C04-BA8B-B8CE428015A4}.Debug|x64.Build.0 = Debug|x64
		{59C53EF8-6A0D-4C04-BA8B-B8CE428015A4}.Debug|x86.ActiveCfg = Debug|Win32
		{59C53EF8-6A0D-4C04-BA8B-B8CE428015A4}.Debug|x86.Build.0 = Debug|Win32
		{59C53EF8-6A0D-4C04-BA8B-B8CE428015A4}.Release|x64.ActiveCfg = Release|x64
		{59C53EF8-6A0D-4C04-BA8B-B8CE428015A4}.Release|x64.Build.0 = Release|x64
		{59C53EF8-6A0D-4C04-BA8B-B8CE428015A4}.Release|x86.ActiveCfg = Release|Win32
		{59C53EF8-6A0D-4C04-BA8B-B8CE428015A4}.Release|x86.Build.0 = Release|Win32
		{9E8177AF-D184-40E3-8BF6-B4E80FE4D53B}.Debug|x64.ActiveCfg = Debug|x64
		{9E8177AF-D184-40E3-8BF6-B4E80FE4D53B}.Debug|x64.Build.0 = Debug|x64
		{9E8177AF-D184-40E3-8BF6-B4E80FE4D53B}.Debug|x86.ActiveCfg = Debug|Win32
		{9E8177AF-D184-40E3-8BF6-B4E80FE4D53B}.Debug|x86.Build.0 = Debug|Win32
		{9E8177AF-D184-40E3-8BF6-B4E80FE4D53B}.Release|x64.ActiveCfg = Release|x64
		{9E8177AF-D184-40E3-8BF6-B4E80FE4D53B}.Release|x64.Build.0 = Release|x64
		{9E8177AF-D184-40E3-8BF6-B4E80FE4D53B}.Release|x86.ActiveCfg = Release|Win32
		{9E8177AF-D184-40E3-8BF6-B4E80FE4D53B}.Release|x86.Build.0 = Release|Win32
		{CB088525-77AE-4094-A39E-69A84D729596}.Debug|x64.ActiveCfg = Debug|x64
		{CB088525-77AE-4094-A39E-69A84D729596}.Debug|x64.Build.0 = Debug|x64
		{CB088525-77AE-4094-A39E-69A84D729596}.Debug|x86.ActiveCfg = Debug|Win32
		{CB088525-77AE-4094-A39E-69A84D729596}.Debug|x86.Build.0 = Debug|Win32
		{CB088525-77AE-4094-A39E-69A84D729596}.Release|x64.ActiveCfg = Release|x64
		{CB088525-77AE-4094-A39E-69A84D729596}.Release|x64.Build.0 = Release|x64
		{CB088525-77AE-4094-A39E-69A84D729596}.Release|x86.ActiveCfg = Release|Win32
		{CB088525-77AE-4094-A39E-69A84D729596}.Release|x86.Build.0 = Release|Win32
		{2D058501-8490-4265-8482-A2284505F7CA}.Debug|x64.ActiveCfg = Debug|x64
		{2D058501-8490-4265-8482-A2284505F7CA}.Debug|x64.Build.0 = Debug|x64
		{2D058501-8490-4265-8482-A2284505F7CA}.Debug|x86.ActiveCfg = Debug|Win32
		{2D058501-8490-4265-8482-A2284505F7CA}.Debug|x86.Build.0 = Debug|Win32
		{2D058501-8490-4265-8482-A2284505F7CA}.Release|x64.ActiveCfg = Release|x64
		{2D058501-8490-4265-8482-A2284505F7CA}.Release|x64.Build.0 = Release|x64
		{2D058501-8490-4265-8482-A2284505F7CA}.Release|x86.ActiveCfg = Release|Win32
		{2D058501-8490-4265-8482-A2284505F7CA}.Release|x86.Build.0 = Release|Win32
		{399D475A-D88E-48E2-8DB8-3AF8931E6F69}.Debug|x64.ActiveCfg = Debug|x64
		{399D475A-D88E-48E2-8DB8-3AF8931E6F69}.Debug|x64.Build.0 = Debug|x64
		{399D475A-D88E-48E2-8DB8-3AF8931E6F69}.Debug|x86.ActiveCfg = Debug|Win32
		{399D475A-D88E-48E2-8DB8-3AF8931E6F69}.Debug|x86.Build.0 = Debug|Win32
		{399D475A-D88E-48E2-8DB8-3AF8931E6F69}.Release|x64.ActiveCfg = Release|x64
		{399D475A-D88E-48E2-8DB8-3AF8931E6F69}.Release|x64.Build.0 = Release|x64
		{399D475A-D88E-48E2-8DB8-3AF8931E6F69}.Release|x86.ActiveCfg = Release|Win32
		{399D475A-D88E-48E2-8DB8-3AF8931E6F69}.Release|x86.Build.0 = Release|Win32
		{1EBD8604-4F87-4FB6-876E-BA5B3A495C29}.Debug|x64.ActiveCfg = Debug|x64
		{1EBD8604-4F87-4FB6-876E-BA5B3A495C29}.Debug|x64.Build.0 = Debug|x64
		{1EBD8604-4F87-4FB6-876E-BA5B3A495C29}.Debug|x86.ActiveCfg = Debug|Win32
		{1EBD8604-4F87-4FB6-876E-BA5B3A495C29}.Debug|x86.Build.0 = Debug|Win32
		{1EBD8604-4F87-4FB6-876E-BA5B3A495C29}.Release|x64.ActiveCfg = Release|x64
		{1EBD8604-4F87-4FB6-876E-BA5B3A495C29}.Release|x64.Build.0 = Release|x64
		{1EBD8604-4F87-4FB6-876E-BA5B3A495C29}.Release|x86.ActiveCfg = Release|Win32
		{1EBD8604-4F87-4FB6-876E-BA5B3A495C29}.Release|x86.Build.0 = Release|Win32
		{3CF1F28F-CE2E-45E3-810C-F43D5F528D90}.Debug|x64.ActiveCfg = Debug|x64
		{3CF1F28F-CE2E-45E3-810C-F43D5F528D90}.Debug|x64.Build.0 = Debug|x64
		{3CF1F28F-CE2E-45E3-810C-F43D5F528D90}.Debug|x86.ActiveCfg = Debug|Win32
		{3CF1F28F-CE2E-45E3-810C-F43D5F528D90}.Debug|x86.Build.0 = Debug|Win32
		{3CF1F28F-CE2E-45E3-810C-F43D5F528D90}.Release|x64.ActiveCfg = Release|x64
		{3CF1F28F-CE2E-45E3-810C-F43D5F528D90}.Release|x64.Build.0 = Release|x64
		{3CF1F28F-CE2E-45E3-810C-F43D5F528D90}.Release|x86.ActiveCfg = Release|Win32
		{3CF1F28F-CE2E-45E3-810C-F43D5F528D90}.Release|x86.Build.0 = Release|Win32
		{7E870DA8-0496-4752-86A0-BAD53DFD0A99}.Debug|x64.ActiveCfg = Debug|x64
		{7E870DA8-0496-4752-86A0-BAD53DFD0A99}.Debug|x64.Build.0 = Debug|x64
		{7E870DA8-0496-4752-86A0-BAD53DFD0A99}.Debug|x86.ActiveCfg = Debug|Win32
		{7E870DA8-0496-4752-86A0-BAD53DFD0A99}.Debug|x86.Build.0 = Debug|Win32
		{7E870DA8-0496-4752-86A0-BAD53DFD0A99}.Release|x64.ActiveCfg = Release|x64
		{7E870DA8-0496-4752-86A0-BAD53DFD0A99}.Release|x64.Build.0 = Release|x64
		{7E870DA8-0496-4752-86A0-BAD53DFD0A99}.Release|x86.ActiveCfg = Release|Win32
		{7E870DA8-0496-4752-86A0-BAD53DFD0A99}.Release|x86.Build.0 = Release|Win32
		{69E7B480-E495-4330-8453-98B6AACB066F}.Debug|x64.ActiveCfg = Debug|x64
		{69E7B480-E495-4330-8453-98B6AACB066F}.Debug|x64.Build.0 = Debug|x64
		{69E7B480-E495-4330-8453-98B6AACB066F}.Debug|x86.ActiveCfg = Debug|Win32
		{69E7B480-E495-4330-8453-98B6AACB066F}.Debug|x86.Build.0 = Debug|Win32
		{69E7B480-E495-4330-8453-98B6AACB066F}.Release|x64.ActiveCfg = Release|x64
		{69E7B480-E495-4330-8453-98B6AACB066F}.Release|x64.Build.0 = Release|x64
		{69E7B480-E495-4330-8453-98B6AACB066F}.Release|x86.ActiveCfg = Release|Win32
		{69E7B480-E495-4330-8453-98B6AACB066F}.Release|x86.Build.0 = Release|Win32
		{69DE31CA-ACF4-4E8B-A635-F701C8042E07}.Debug|x64.ActiveCfg = Debug|x64
		{69DE31CA-ACF4-4E8B-A635-F701C8042E07}.Debug|x64.Build.0 = Debug|x64
		{69DE31CA-ACF4-4E8B-A635-F701C8042E07}.Debug|x86.ActiveCfg = Debug|Win32
		{69DE31CA-ACF4-4E8B-A635-F701C8042E07}.Debug|x86.Build.0 = Debug|Win32
		{69DE31CA-ACF4-4E8B-A635-F701C8042E07}.Release|x64.ActiveCfg = Release|x64
		{69DE31CA-ACF4-4E8B-A635-F701C8042E07}.Release|x64.Build.0 = Release|x64
		{69DE31CA-ACF4-4E8B-A635-F701C8042E07}.Release|x86.ActiveCfg = Release|Win32
		{69DE31CA-ACF4-4E8B-A635-F701C8042E07}.Release|x86.Build.0 = Release|Win32
		{77F4FF2C-1D1F-4C5B-B0C2-1A6D07612F7B}.Debug|x64.ActiveCfg = Debug|x64
		{77F4FF2C-1D1F-4C5B-B0C2-1A6D07612F7B}.Debug|x64.Build.0 = Debug|x64
		{77F4FF2C-1D1F-4C5B-B0C2-1A6D07612F7B}.Debug|x86.ActiveCfg = Debug|Win32
		{77F4FF2C-1D1F-4C5B-B0C2-1A6D07612F7B}.Debug|x86.Build.0 = Debug|Win32
		{77F4FF2C-1D1F-4C5B-B0C2-1A6D07612F7B}.Release|x64.ActiveCfg = Release|x64
		{77F4FF2C-1D1F-4C5B-B0C2-1A6D07612F7B}.Release|x64.Build.0 = Release|x64
		{77F4FF2C-1D1F-4C5B-B0C2-1A6D07612F7B}.Release|x86.ActiveCfg = Release|Win32
		{77F4FF2C-1D1F-4C5B-B0C2-1A6D07612F7B}.Release|x86.Build.0 = Release|Win32
		{77B7FE28-D26D-4891-B291-CFB3E4F3E3FA}.Debug|x64.ActiveCfg = Debug|x64
		{77B7FE28-D26D-4891-B291-CFB3E4F3E3FA}.Debug|x64.Build.0 = Debug|x64
		{77B7FE28-D26D-4891-B291-CFB3E4F3E3FA}.Debug|x86.ActiveCfg = Debug|Win32
		{77B7FE28-D26D-4891-B291-CFB3E4F3E3FA}.Debug|x86.Build.0 = Debug|Win32
		{77B7FE28-D26D-4891-B291-CFB3E4F3E3FA}.Release|x64.ActiveCfg = Release|x64
		{77B7FE28-D26D-4891-B291-CFB3E4F3E3FA}.Release|x64.Build.0 = Release|x64
		{77B7FE28-D26D-4891-B291-CFB3E4F3E3FA}.Release|x86.ActiveCfg = Release|Win32
		{77B7FE28-D26D-4891-B291-CFB3E4F3E3FA}.Release|x86.Build.0 = Release|Win32
		{07BC0F1E-40B2-41CD-B17B-7C7A8670DE6B}.Debug|x64.ActiveCfg = Debug|x64
		{07BC0F1E-40B2-41CD-B17B-7C7A8670DE6B}.Debug|x64.Build.0 = Debug|x64
		{07BC0F1E-40B2-41CD-B17B-7C7A8670DE6B}.Debug|x86.ActiveCfg = Debug|Win32
		{07BC0F1E-40B2-41CD-B17B-7C7A8670DE6B}.Debug|x86.Build.0 = Debug|Win32
		{07BC0F1E-40B2-41CD-B17B-7C7A8670DE6B}.Release|x64.ActiveCfg = Release|x64
		{07BC0F1E-40B2-41CD-B17B-7C7A8670DE6B}.Release|x64.Build.0 = Release|x64
		{07BC0F1E-40B2-41CD-B17B-7C7A8670DE6B}.Release|x86.ActiveCfg = Release|Win32
		{07BC0F1E-40B2-41CD-B17B-7C7A8670DE6B}.Release|x86.Build.0 = Release|Win32
		{6A2F95EB-4D37-4DA1-AEDE-8462BD7B1191}.Debug|x64.ActiveCfg = Debug|x64
		{6A2F95EB-4D37-4DA1-AEDE-8462BD7B1191}.Debug|x64.Build.0 = Debug|x64
		{6A2F95EB-4D37-4DA1-AEDE-8462BD7B1191}.Debug|x86.ActiveCfg = Debug|Win32
		{6A2F95EB-4D37-4DA1-AEDE-8462BD7B1191}.Debug|x86.Build.0 = Debug|Win32
		{6A2F95EB-4D37-4DA1-AEDE-8462BD7B1191}.Release|x64.ActiveCfg = Release|x64
		{6A2F95EB-4D37-4DA1-AEDE-8462BD7B1191}.Release|x64.Build.0 = Release|x64
		{6A2F95EB-4D37-4DA1-AEDE-8462BD7B1191}.Release|x86.ActiveCfg = Release|Win32
		{6A2F95EB-4D37-4DA1-AEDE-8462BD7B1191}.Release|x86.Build.0 = Release|Win32
		{49A1998B-F8D6-47B3-BF56-D9926C929BD4}.Debug|x64.ActiveCfg = Debug|x64
		{49A1998B-F8D6-47B3-BF56-D9926C929BD4}.Debug|x64.Build.0 = Debug|x64
		{49A1998B-F8D6-47B3-BF56-D9926C929BD4}.Debug|x86.ActiveCfg = Debug|Win32
		{49A1998B-F8D6-47B3-BF56-D9926C929BD4}.Debug|x86.Build.0 = Debug|Win32
		{49A1998B-F8D6-47B3-BF56-D9926C929BD4}.Release|x64.ActiveCfg = Release|x64
		{49A1998B-F8D6-47B3-BF56-D9926C929BD4}.Release|x64.Build.0 = Release|x64
		{49A1998B-F8D6-47B3-BF56-D9926C929BD4}.Release|x86.ActiveCfg = Release|Win32
		{49A1998B-F8D6-47B3-BF56-D9926C929BD4}.Release|x86.Build.0 = Release|Win32
		{E9D50240-1713-42BF-A4B4-4B864C5CEA4E}.Debug|x64.ActiveCfg = Debug|x64
		{E9D50240-1713-42BF-A4B4-4B864C5CEA4E}.Debug|x64.Build.0 = Debug|x64
		{E9D50240-1713-42BF-A4B4-4B864C5CEA4E}.Debug|x86.ActiveCfg = Debug|Win32
		{E9D50240-1713-42BF-A4B4-4B864C5CEA4E}.Debug|x86.Build.0 = Debug|Win32
		{E9D50240-1713-42BF-A4B4-4B864C5CEA4E}.Release|x64.ActiveCfg = Release|x64
		{E9D50240-1713-42BF-A4B4-4B864C5CEA4E}.Release|x64.Build.0 = Release|x64
		{E9D50240-1713-42BF-A4B4-4B864C5CEA4E}.Release|x86.ActiveCfg = Release|Win32
		{E9D50240-1713-42BF-A4B4-4B864C5CEA4E}.Release|x86.Build.0 = Release|Win32
		{89213FF3-9CD9-4C9F-BD36-34A7FD455B57}.Debug|x64.ActiveCfg = Debug|x64
		{89213FF3-9CD9-4C9F-BD36-34A7FD455B57}.Debug|x64.Build.0 = Debug|x64
		{89213FF3-9CD9-4C9F-BD36-34A7FD455B57}.Debug|x86.ActiveCfg = Debug|Win32
		{89213FF3-9CD9-4C9F-BD36-34A7FD455B57}.Debug|x86.Build.0 = Debug|Win32
		{89213FF3-9CD9-4C9F-BD36-34A7FD455B57}.Release|x64.ActiveCfg = Release|x64
		{89213FF3-9CD9-4C9F-BD36-34A7FD455B57}.Release|x64.Build.0 = Release|x64
		{89213FF3-9CD9-4C9F-BD36-34A7FD455B57}.Release|x86.ActiveCfg = Release|Win32
		{89213FF3-9CD9-4C9F-BD36-34A7FD455B57}.Release|x86.Build.0 = Release|Win32
		{BCF36C83-E52D-4D1E-8EE2-C3330985471C}.Debug|x64.ActiveCfg = Debug|x64
		{BCF36C83-E52D-4D1E-8EE2-C3330985471C}.Debug|x64.Build.0 = Debug|x64
		{BCF36C83-E52D-4D1E-8EE2-C3330985471C}.Debug|x86.ActiveCfg = Debug|Win32
		{BCF36C83-E52D-4D1E-8EE2-C3330985471C}.Debug|x86.Build.0 = Debug|Win32
		{BCF36C83-E52D-4D1E-8EE2-C3330985471C}.Release|x64.ActiveCfg = Release|x64
		{BCF36C83-E52D-4D1E-8EE2-C3330985471C}.Release|x64.Build.0 = Release|x64
		{BCF36C83-E52D-4D1E-8EE2-C3330985471C}.Release|x86.ActiveCfg = Release|Win32
		{BCF36C83-E52D-4D1E-8EE2-C3330985471C}.Release|x86.Build.0 = Release|Win32
		{8E291415-A43F-46E2-88A9-45F4ADE0F4C9}.Debug|x64.ActiveCfg = Debug|x64
		{8E291415-A43F-46E2-88A9-45F4ADE0F4C9}.Debug|x64.Build.0 = Debug|x64
		{8E291415-A43F-46E2-88A9-45F4ADE0F4C9}.Debug|x86.ActiveCfg = Debug|Win32
		{8E291415-A43F-46E2-88A9-45F4ADE0F4C9}.Debug|x86.Build.0 = Debug|Win32
		{8E291415-A43F-46E2-88A9-45F4ADE0F4C9}.Release|x64.ActiveCfg = Release|x64
		{8E291415-A43F-46E2-88A9-45F4ADE0F4C9}.Release|x64.Build.0 = Release|x64
		{8E291415-A43F-46E2-88A9-45F4ADE0F4C9}.Release|x86.ActiveCfg = Release|Win32
		{8E291415-A43F-46E2-88A9-45F4ADE0F4C9}.Release|x86.Build.0 = Release|Win32
		{C4015C49-7C08-41C1-90D3-7919D70AB875}.Debug|x64.ActiveCfg = Debug|x64
		{C4015C49-7C08-41C1-90D3-7919D70AB875}.Debug|x64.Build.0 = Debug|x64
		{C4015C49-7C08-41C1-90D3-7919D70AB875}.Debug|x86.ActiveCfg = Debug|Win32
		{C4015C49-7C08-41C1-90D3-7919D70AB875}.Debug|x86.Build.0 = Debug|Win32
		{C4015C49-7C08-41C1-90D3-7919D70AB875}.Release|x64.ActiveCfg = Release|x64
		{C4015C49-7C08-41C1-90D3-7919D70AB875}.Release|x64.Build.0 = Release|x64
		{C4015C49-7C08-41C1-90D3-7919D70AB875}.Release|x86.ActiveCfg = Release|Win32
		{C4015C49-7C08-41C1-90D3-7919D70AB875}.Release|x86.Build.0 = Release|Win32
		{B1D0F6F6-66E1-43D3-94D3-D977532A308E}.Debug|x64.ActiveCfg = Debug|x64
		{B1D0F6F6-66E1-43D3-94D3-D977532A308E}.Debug|x64.Build.0 = Debug|x64
		{B1D0F6F6-66E1-43D3-94D3-D977532A308E}.Debug|x86.ActiveCfg = Debug|Win32
		{B1D0F6F6-66E1-43D3-94D3-D977532A308E}.Debug|x86.Build.0 = Debug|Win32
		{B1D0F6F6-66E1-43D3-94D3-D977532A308E}.Release|x64.ActiveCfg = Release|x64
		{B1D0F6F6-66E1-43D3-94D3-D977532A308E}.Release|x64.Build.0 = Release|x64
		{B1D0F6F6-66E1-43D3-94D3-D977532A308E}.Release|x86.ActiveCfg = Release|Win32
		{B1D0F6F6-66E1-43D3-94D3-D977532A308E}.Release|x86.Build.0 = Release|Win32
		{56868054-465F-4460-9AC6-3E849610137A}.Debug|x64.ActiveCfg = Debug|x64
		{56868054-465F-4460-9AC6-3E849610137A}.Debug|x64.Build.0 = Debug|x64
		{56868054-465F-4460-9AC6-3E849610137A}.Debug|x86.ActiveCfg = Debug|Win32
		{56868054-465F-4460-9AC6-3E849610137A}.Debug|x86.Build.0 = Debug|Win32
		{56868054-465F-4460-9AC6-3E849610137A}.Release|x64.ActiveCfg = Release|x64
		{56868054-465F-4460-9AC6-3E849610137A}.Release|x64.Build.0 = Release|x64
		{56868054-465F-4460-9AC6-3E849610137A}.Release|x86.ActiveCfg = Release|Win32
		{56868054-465F-4460-9AC6-3E849610137A}.Release|x86.Build.0 = Release|Win32
		{71470E6F-EBCD-4057-8AE8-475C2610577D}.Debug|x64.ActiveCfg = Debug|x64
		{71470E6F-EBCD-4057-8AE8-475C2610577D}.Debug|x64.Build.0 = Debug|x64
		{71470E6F-EBCD-4057-8AE8-475C2610577D}.Debug|x86.ActiveCfg = Debug|Win32
		{71470E6F-EBCD-4057-8AE8-475C2610577D}.Debug|x86.Build.0 = Debug|Win32
		{71470E6F-EBCD-4057-8AE8-475C2610577D}.Release|x64.ActiveCfg = Release|x64
		{71470E6F-EBCD-4057-8AE8-475C2610577D}.Release|x64.Build.0 = Release|x64
		{71470E6F-EBCD-4057-8AE8-475C2610577D}.Release|x86.ActiveCfg = Release|Win32
		{71470E6F-EBCD-4057-8AE8-475C2610577D}.Release|x86.Build.0 = Release|Win32
		{782007FA-E7AF-497F-82CC-DB0FC8E52728}.Debug|x64.ActiveCfg = Debug|x64
		{782007FA-E7AF-497F-82CC-DB0FC8E52728}.Debug|x64.Build.0 = Debug|x64
		{782007FA-E7AF-497F-82CC-DB0FC8E52728}.Debug|x86.ActiveCfg = Debug|Win32
		{782007FA-E7AF-497F-82CC-DB0FC8E52728}.Debug|x86.Build.0 = Debug|Win32
		{782007FA-E7AF-497F-82CC-DB0FC8E52728}.Release|x64.ActiveCfg = Release|x64
		{782007FA-E7AF-497F-82CC-DB0FC8E52728}.Release|x64.Build.0 = Release|x64
		{782007FA-E7AF-497F-82CC-DB0FC8E52728}.Release|x86.ActiveCfg = Release|Win32
		{782007FA-E7AF-497F-82CC-DB0FC8E52728}.Release|x86.Build.0 = Release|Win32
		{9F2212DE-7CBF-4C6B-A65E-3174B4210DF5}.Debug|x64.ActiveCfg = Debug|x64
		{9F2212DE-7CBF-4C6B-A65E-3174B4210DF5}.Debug|x64.Build.0 = Debug|x64
		{9F2212DE-7CBF-4C6B-A65E-3174B4210DF5}.Debug|x86.ActiveCfg = Debug|Win32
		{9F2212DE-7CBF-4C6B-A65E-3174B4210DF5}.Debug|x86.Build.0 = Debug|Win32
		{9F2212DE-7CBF-4C6B-A65E-3174B4210DF5}.Release|x64.ActiveCfg = Release|x64
		{9F2212DE-7CBF-4C6B-A65E-3174B4210DF5}.Release|x64.Build.0 = Release|x64
		{9F2212DE-7CBF-4C6B-A65E-3174B4210DF5}.Release|x86.ActiveCfg = Release|Win32
		{9F2212DE-7CBF-4C6B-A65E-3174B4210DF5}.Release|x86.Build.0 = Release|Win32
		{9809C752-37F8-4F9B-9C24-3CFB0DC9255F}.Debug|x64.ActiveCfg = Debug|x64
		{9809C752-37F8-4F9B-9C24-3CFB0DC9255F}.Debug|x64.Build.0 = Debug|x64
		{9809C752-37F8-4F9B-9C24-3CFB0DC9255F}.Debug|x86.ActiveCfg = Debug|Win32
		{9809C752-37F8-4F9B-9C24-3CFB0DC9255F}.Debug|x86.Build.0 = Debug|Win32
		{9809C752-37F8-4F9B-9C24-3CFB0DC9255F}.Release|x64.ActiveCfg = Release|x64
		{9809C752-37F8-4F9B-9C24-3CFB0DC9255F}.Release|x64.Build.0 = Release|x64
		{9809C752-37F8-4F9B-9C24-3CFB0DC9255F}.Release|x86.ActiveCfg = Release|Win32
		{9809C752-37F8-4F9B-9C24-3CFB0DC9255F}.Release|x86.Build.0 = Release|Win32
		{FE79FC77-A9F9-4179-A54D-994D5FD2771C}.Debug|x64.ActiveCfg = Debug|x64
		{FE79FC77-A9F9-4179-A54D-994D5FD2771C}.Debug|x64.Build.0 = Debug|x64
		{FE79FC77-A9F9-4179-A54D-994D5FD2771C}.Debug|x86.ActiveCfg = Debug|Win32
		{FE79FC77-A9F9-4179-A54D-994D5FD2771C}.Debug|x86.Build.0 = Debug|Win32
		{FE79FC77-A9F9-4179-A54D-994D5FD2771C}.Release|x64.ActiveCfg = Release|x64
		{FE79FC77-A9F9-4179-A54D-994D5FD2771C}.Release|x64.Build.0 = Release|x64
		{FE79FC77-A9F9-4179-A54D-994D5FD2771C}.Release|x86.ActiveCfg = Release|Win32
		{FE79FC77-A9F9-4179-A54D-994D5FD2771C}.Release|x86.Build.0 = Release|Win32
		{3F7D9C35-BA58-4A87-B8BF-376EC1A9491E}.Debug|x64.ActiveCfg = Debug|x64
		{3F7D9C35-BA58-4A87-B8BF-376EC1A9491E}.Debug|x64.Build.0 = Debug|x64
		{3F7D9C35-BA58-4A87-B8BF-376EC1A9491E}.Debug|x86.ActiveCfg = Debug|Win32
		{3F7D9C35-BA58-4A87-B8BF-376EC1A9491E}.Debug|x86.Build.0 = Debug|Win32
		{3F7D9C35-BA58-4A87-B8BF-376EC1A9491E}.Release|x64.ActiveCfg = Release|x64
		{3F7D9C35-BA58-4A87-B8BF-376EC1A9491E}.Release|x64.Build.0 = Release|x64
		{3F7D9C35-BA58-4A87-B8BF-376EC1A9491E}.Release|x86.ActiveCfg = Release|Win32
		{3F7D9C35-BA58-4A87-B8BF-376EC1A9491E}.Release|x86.Build.0 = Release|Win32
		{35109E35-A9B8-4356-A57B-BAD313AC5D7D}.Debug|x64.ActiveCfg = Debug|x64
		{35109E35-A9B8-4356-A57B-BAD313AC5D7D}.Debug|x64.Build.0 = Debug|x64
		{35109E35-A9B8-4356-A57B-BAD313AC5D7D}.Debug|x86.ActiveCfg = Debug|Win32
		{35109E35-A9B8-4356-A57B-BAD313AC5D7D}.Debug|x86.Build.0 = Debug|Win32
		{35109E35-A9B8-4356-A57B-BAD313AC5D7D}.Release|x64.ActiveCfg = Release|x64
		{35109E35-A9B8-4356-A57B-BAD313AC5D7D}.Release|x64.Build.0 = Release|x64
		{35109E35-A9B8-4356-A57B-BAD313AC5D7D}.Release|x86.ActiveCfg = Release|Win32
		{35109E35-A9B8-4356-A57B-BAD313AC5D7D}.Release|x86.Build.0 = Release|Win32
		{44D54C94-EEFC-4432-BF82-8D85835FE22C}.Debug|x64.ActiveCfg = Debug|x64
		{44D54C94-EEFC-4432-BF82-8D85835FE22C}.Debug|x64.Build.0 = Debug|x64
		{44D54C94-EEFC-4432-BF82-8D85835FE22C}.Debug|x86.ActiveCfg = Debug|Win32
		{44D54C94-EEFC-4432-BF82-8D85835FE22C}.Debug|x86.Build.0 = Debug|Win32
		{44D54C94-EEFC-4432-BF82-8D85835FE22C}.Release|x64.ActiveCfg = Release|x64
		{44D54C94-EEFC-4432-BF82-8D85835FE22C}.Release|x64.Build.0 = Release|x64
		{44D54C94-EEFC-4432-BF82-8D85835FE22C}.Release|x86.ActiveCfg = Release|Win32
		{44D54C94-EEFC-4432-BF82-8D85835FE22C}.Release|x86.Build.0 = Release|Win32
		{E0801E33-83E6-4653-B518-8E4A9C88F8FB}.Debug|x64.ActiveCfg = Debug|x64
		{E0801E33-83E6-4653-B518-8E4A9C88F8FB}.Debug|x64.Build.0 = Debug|x64
		{E0801E33-83E6-4653-B518-8E4A9C88F8FB}.Debug|x86.ActiveCfg = Debug|Win32
		{E0801E33-83E6-4653-B518-8E4A9C88F8FB}.Debug|x86.Build.0 = Debug|Win32
		{E0801E33-83E6-4653-B518-8E4A9C88F8FB}.Release|x64.ActiveCfg = Release|x64
		{E0801E33-83E6-4653-B518-8E4A9C88F8FB}.Release|x64.Build.0 = Release|x64
		{E0801E33-83E6-4653-B518-8E4A9C88F8FB}.Release|x86.ActiveCfg = Release|Win32
		{E0801E33-83E6-4653-B518-8E4A9C88F8FB}.Release|x86.Build.0 = Release|Win32
		{0FF90062-032A-4C50-8F37-003AD2C19027}.Debug|x64.ActiveCfg = Debug|x64
		{0FF90062-032A-4C50-8F37-003AD2C19027}.Debug|x64.Build.0 = Debug|x64
		{0FF90062-032A-4C50-8F37-003AD2C19027}.Debug|x86.ActiveCfg = Debug|Win32
		{0FF90062-032A-4C50-8F37-003AD2C19027}.Debug|x86.Build.0 = Debug|Win32
		{0FF90062-032A-4C50-8F37-003AD2C19027}.Release|x64.ActiveCfg = Release|x64
		{0FF90062-032A-4C50-8F37-003AD2C19027}.Release|x64.Build.0 = Release|x64
		{0FF90062-032A-4C50-8F37-003AD2C19027}.Release|x86.ActiveCfg = Release|Win32
		{0FF90062-032A-4C50-8F37-003AD2C19027}.Release|x86.Build.0 = Release|Win32
		{DFC04B20-9F08-4703-A512-8EDEDEE37BAD}.Debug|x64.ActiveCfg = Debug|x64
		{DFC04B20-9F08-4703-A512-8EDEDEE37BAD}.Debug|x64.Build.0 = Debug|x64
		{DFC04B20-9F08-4703-A512-8EDEDEE37BAD}.Debug|x86.ActiveCfg = Debug|Win32
		{DFC04B20-9F08-4703-A512-8EDEDEE37BAD}.Debug|x86.Build.0 = Debug|Win32
		{DFC04B20-9F08-4703-A512-8EDEDEE37BAD}.Release|x64.ActiveCfg = Release|x64
		{DFC04B20-9F08-4703-A512-8EDEDEE37BAD}.Release|x64.Build.0 = Release|x64
		{DFC04B20-9F08-4703-A512-8EDEDEE37BAD}.Release|x86.ActiveCfg = Release|Win32
		{DFC04B20-9F08-4703-A512-8EDEDEE37BAD}.Release|x86.Build.0 = Release|Win32
	EndGlobalSection
	GlobalSection(SolutionProperties) = preSolution
		HideSolutionNode = FALSE
	EndGlobalSection
	GlobalSection(NestedProjects) = preSolution
		{9E8177AF-D184-40E3-8BF6-B4E80FE4D53B} = {07F59D5B-7988-48D7-8887-213840C27849}
		{CB088525-77AE-4094-A39E-69A84D729596} = {07F59D5B-7988-48D7-8887-213840C27849}
		{2D058501-8490-4265-8482-A2284505F7CA} = {07F59D5B-7988-48D7-8887-213840C27849}
		{399D475A-D88E-48E2-8DB8-3AF8931E6F69} = {07F59D5B-7988-48D7-8887-213840C27849}
		{1EBD8604-4F87-4FB6-876E-BA5B3A495C29} = {07F59D5B-7988-48D7-8887-213840C27849}
		{3CF1F28F-CE2E-45E3-810C-F43D5F528D90} = {07F59D5B-7988-48D7-8887-213840C27849}
		{7E870DA8-0496-4752-86A0-BAD53DFD0A99} = {07F59D5B-7988-48D7-8887-213840C27849}
		{69E7B480-E495-4330-8453-98B6AACB066F} = {07F59D5B-7988-48D7-8887-213840C27849}
		{77F4FF2C-1D1F-4C5B-B0C2-1A6D07612F7B} = {07F59D5B-7988-48D7-8887-213840C27849}
		{77B7FE28-D26D-4891-B291-CFB3E4F3E3FA} = {07F59D5B-7988-48D7-8887-213840C27849}
		{07BC0F1E-40B2-41CD-B17B-7C7A8670DE6B} = {07F59D5B-7988-48D7-8887-213840C27849}
		{6A2F95EB-4D37-4DA1-AEDE-8462BD7B1191} = {07F59D5B-7988-48D7-8887-213840C27849}
		{49A1998B-F8D6-47B3-BF56-D9926C929BD4} = {07F59D5B-7988-48D7-8887-213840C27849}
		{E9D50240-1713-42BF-A4B4-4B864C5CEA4E} = {07F59D5B-7988-48D7-8887-213840C27849}
		{89213FF3-9CD9-4C9F-BD36-34A7FD455B57} = {07F59D5B-7988-48D7-8887-213840C27849}
		{BCF36C83-E52D-4D1E-8EE2-C3330985471C} = {07F59D5B-7988-48D7-8887-213840C27849}
		{8E291415-A43F-46E2-88A9-45F4ADE0F4C9} = {07F59D5B-7988-48D7-8887-213840C27849}
		{C4015C49-7C08-41C1-90D3-7919D70AB875} = {07F59D5B-7988-48D7-8887-213840C27849}
		{B1D0F6F6-66E1-43D3-94D3-D977532A308E} = {07F59D5B-7988-48D7-8887-213840C27849}
		{56868054-465F-4460-9AC6-3E849610137A} = {07F59D5B-7988-48D7-8887-213840C27849}
		{71470E6F-EBCD-4057-8AE8-475C2610577D} = {07F59D5B-7988-48D7-8887-213840C27849}
		{782007FA-E7AF-497F-82CC-DB0FC8E52728} = {07F59D5B-7988-48D7-8887-213840C27849}
		{9F2212DE-7CBF-4C6B-A65E-3174B4210DF5} = {07F59D5B-7988-48D7-8887-213840C27849}
		{9809C752-37F8-4F9B-9C24-3CFB0DC9255F} = {07F59D5B-7988-48D7-8887-213840C27849}
		{FE79FC77-A9F9-4179-A54D-994D5FD2771C} = {07F59D5B-7988-48D7-8887-213840C27849}
		{3F7D9C35-BA58-4A87-B8BF-376EC1A9491E} = {07F59D5B-7988-48D7-8887-213840C27849}
		{35109E35-A9B8-4356-A57B-BAD313AC5D7D} = {07F59D5B-7988-48D7-8887-213840C27849}
		{44D54C94-EEFC-4432-BF82-8D85835FE22C} = {07F59D5B-7988-48D7-8887-213840C27849}
		{E0801E33-83E6-4653-B518-8E4A9C88F8FB} = {07F59D5B-7988-48D7-8887-213840C27849}
		{0FF90062-032A-4C50-8F37-003AD2C19027} = {07F59D5B-7988-48D7-8887-213840C27849}
		{DFC04B20-9F08-4703-A512-8EDEDEE37BAD} = {07F59D5B-7988-48D7-8887-213840C27849}
	EndGlobalSection
	GlobalSection(ExtensibilityGlobals) = postSolution
		SolutionGuid = {80DD766E-9860-4C21-BB27-4600FA510B41}
	EndGlobalSection
EndGlobal
